<?xml version="1.0" encoding="utf-8"?>
<Project ToolsVersion="4.0" xmlns="http://schemas.microsoft.com/developer/msbuild/2003">
  <ItemGroup>
    <Filter Include="Source Files">
      <UniqueIdentifier>{4FC737F1-C7A5-4376-A066-2A32D752A2FF}</UniqueIdentifier>
      <Extensions>cpp;cxx;c;def</Extensions>
    </Filter>
    <Filter Include="Header Files">
      <UniqueIdentifier>{93995380-89BD-4b04-88EB-625FBE52EBFB}</UniqueIdentifier>
      <Extensions>h</Extensions>
    </Filter>
    <Filter Include="Form Files">
      <UniqueIdentifier>{99349809-55BA-4b9d-BF79-8FDBB0286EB3}</UniqueIdentifier>
      <Extensions>ui</Extensions>
    </Filter>
    <Filter Include="Resource Files">
      <UniqueIdentifier>{D9D6E242-F8AF-46E4-B9FD-80ECBC20BA3E}</UniqueIdentifier>
      <Extensions>qrc;*</Extensions>
      <ParseFiles>false</ParseFiles>
    </Filter>
    <Filter Include="Generated Files">
      <UniqueIdentifier>{71ED8ED8-ACB9-4CE9-BBE1-E00B30144E11}</UniqueIdentifier>
      <Extensions>moc;h;cpp</Extensions>
      <SourceControlFiles>False</SourceControlFiles>
    </Filter>
    <Filter Include="Generated Files\Debug">
      <UniqueIdentifier>{9dc23094-b73e-4245-a443-135a8cdc7d86}</UniqueIdentifier>
      <Extensions>cpp;moc</Extensions>
      <SourceControlFiles>False</SourceControlFiles>
    </Filter>
    <Filter Include="Generated Files\Release">
      <UniqueIdentifier>{228e1fae-4ca8-4922-8781-fe0e88bd037f}</UniqueIdentifier>
      <Extensions>cpp;moc</Extensions>
      <SourceControlFiles>False</SourceControlFiles>
    </Filter>
    <Filter Include="Source Files\App">
      <UniqueIdentifier>{5bc5f653-bd3b-4e58-b2ee-9f073711691b}</UniqueIdentifier>
    </Filter>
    <Filter Include="Source Files\GUI">
      <UniqueIdentifier>{3273a759-78d4-424a-ade5-380dbcc7f4fb}</UniqueIdentifier>
    </Filter>
    <Filter Include="Header Files\App">
      <UniqueIdentifier>{694290df-449a-4684-ac3a-1124fdf99c71}</UniqueIdentifier>
    </Filter>
    <Filter Include="Header Files\GUI">
      <UniqueIdentifier>{44c302ea-4414-4166-a125-e3c96e85162d}</UniqueIdentifier>
    </Filter>
    <Filter Include="Header Files\TEST">
      <UniqueIdentifier>{b08a10fb-60f7-4b28-a37a-75f2e9401540}</UniqueIdentifier>
    </Filter>
    <Filter Include="Source Files\TEST">
      <UniqueIdentifier>{a55c8105-8ca2-4569-8ffd-aec0571736db}</UniqueIdentifier>
    </Filter>
    <Filter Include="Generated Files\App Unit Test">
      <UniqueIdentifier>{16c32d7f-542d-4278-b412-80dcc6144d1c}</UniqueIdentifier>
      <Extensions>cpp;moc</Extensions>
      <SourceControlFiles>False</SourceControlFiles>
    </Filter>
  </ItemGroup>
  <ItemGroup>
    <ClCompile Include="Source\main.cpp">
      <Filter>Source Files</Filter>
    </ClCompile>
    <ClCompile Include="Test\Database\t_db_basic.cpp">
      <Filter>Source Files\TEST</Filter>
    </ClCompile>
    <ClCompile Include="Test\Core\t_config_file.cpp">
      <Filter>Source Files\TEST</Filter>
    </ClCompile>
    <ClCompile Include="Test\Core\t_core_advanced.cpp">
      <Filter>Source Files\TEST</Filter>
    </ClCompile>
    <ClCompile Include="Test\Core\t_core_basic.cpp">
      <Filter>Source Files\TEST</Filter>
    </ClCompile>
    <ClCompile Include="Test\t_file_io_basic.cpp">
      <Filter>Source Files\TEST</Filter>
    </ClCompile>
    <ClCompile Include="Test\t_utility.cpp">
      <Filter>Source Files\TEST</Filter>
    </ClCompile>
    <ClCompile Include="Test\main.cpp">
      <Filter>Source Files\TEST</Filter>
    </ClCompile>
    <ClCompile Include="Source\stdafx.cpp">
      <Filter>Source Files\App</Filter>
    </ClCompile>
    <ClCompile Include="Source\File_IO.cpp">
      <Filter>Source Files\App</Filter>
    </ClCompile>
    <ClCompile Include="Source\Database\Database.cpp">
      <Filter>Source Files\App</Filter>
    </ClCompile>
    <ClCompile Include="Source\Database\sqlite3.c">
      <Filter>Source Files\App</Filter>
    </ClCompile>
    <ClCompile Include="Source\Core\config_file.cpp">
      <Filter>Source Files\App</Filter>
    </ClCompile>
    <ClCompile Include="Source\Core\core.cpp">
      <Filter>Source Files\App</Filter>
    </ClCompile>
    <ClCompile Include="Source\GUI\Windows\MainWindow\mainwindow.cpp">
      <Filter>Source Files\GUI</Filter>
    </ClCompile>
    <ClCompile Include="GeneratedFiles\qrc_mainwindow.cpp">
      <Filter>Generated Files</Filter>
    </ClCompile>
    <ClCompile Include="GeneratedFiles\Debug\moc_mainwindow.cpp">
      <Filter>Generated Files\Debug</Filter>
    </ClCompile>
    <ClCompile Include="GeneratedFiles\Release\moc_mainwindow.cpp">
      <Filter>Generated Files\Release</Filter>
    </ClCompile>
    <ClCompile Include="GeneratedFiles\App Unit Test\moc_mainwindow.cpp">
      <Filter>Generated Files\App Unit Test</Filter>
    </ClCompile>
  </ItemGroup>
  <ItemGroup>
    <CustomBuild Include="Source\GUI\Windows\MainWindow\mainwindow.qrc">
      <Filter>Resource Files</Filter>
    </CustomBuild>
    <CustomBuild Include="Source\GUI\Windows\MainWindow\mainwindow.h">
      <Filter>Header Files\GUI</Filter>
    </CustomBuild>
    <CustomBuild Include="Source\GUI\Windows\MainWindow\mainwindow.ui">
      <Filter>Form Files</Filter>
    </CustomBuild>
  </ItemGroup>
  <ItemGroup>
    <ClInclude Include="Test\catch.hpp">
      <Filter>Header Files\TEST</Filter>
    </ClInclude>
    <ClInclude Include="Test\t_file_io_basic.h">
      <Filter>Header Files\TEST</Filter>
    </ClInclude>
    <ClInclude Include="Test\t_utility.h">
      <Filter>Header Files\TEST</Filter>
    </ClInclude>
    <ClInclude Include="Test\Core\t_config_file.h">
      <Filter>Header Files\TEST</Filter>
    </ClInclude>
    <ClInclude Include="Test\Core\t_core.h">
      <Filter>Header Files\TEST</Filter>
    </ClInclude>
    <ClInclude Include="Test\Database\t_db_basic.h">
      <Filter>Header Files\TEST</Filter>
    </ClInclude>
    <ClInclude Include="Source\File_IO.h">
      <Filter>Header Files\App</Filter>
    </ClInclude>
    <ClInclude Include="Source\stdafx.h">
      <Filter>Header Files\App</Filter>
    </ClInclude>
    <ClInclude Include="Source\targetver.h">
      <Filter>Header Files\App</Filter>
    </ClInclude>
    <ClInclude Include="Source\main.h">
      <Filter>Header Files\App</Filter>
    </ClInclude>
    <ClInclude Include="Source\Database\Database.h">
      <Filter>Header Files\App</Filter>
    </ClInclude>
    <ClInclude Include="Source\Database\sqlite3.h">
      <Filter>Header Files\App</Filter>
    </ClInclude>
    <ClInclude Include="Source\Core\config_file.h">
      <Filter>Header Files\App</Filter>
    </ClInclude>
    <ClInclude Include="Source\Core\core.h">
      <Filter>Header Files\App</Filter>
    </ClInclude>
    <ClInclude Include="GeneratedFiles\ui_mainwindow.h">
      <Filter>Generated Files</Filter>
    </ClInclude>
  </ItemGroup>
</Project>